
Microsoft Visual Studio Solution File, Format Version 12.00
# Visual Studio Version 17
VisualStudioVersion = 17.8.34330.188
MinimumVisualStudioVersion = 10.0.40219.1
Project("{9A19103F-16F7-4668-BE54-9A1E7A4F7556}") = "BethanysPieShopHRM.App", "BethanysPieShopHRM.App\BethanysPieShopHRM.App.csproj", "{B022D43D-1E1F-4B37-837E-D6061A71A72D}"
EndProject
Project("{9A19103F-16F7-4668-BE54-9A1E7A4F7556}") = "BethanysPieShopHRM.Shared", "BethanysPieShorHRM.Shared\BethanysPieShopHRM.Shared.csproj", "{409989B1-2374-4660-895D-1BC99A2E4D69}"
EndProject
Project("{9A19103F-16F7-4668-BE54-9A1E7A4F7556}") = "BethanysPieShopHRM.Api", "BethanysPieShopHRM.Api\BethanysPieShopHRM.Api.csproj", "{1A947AC3-DEF7-45BA-9A67-A16B8647E292}"
EndProject
Project("{9A19103F-16F7-4668-BE54-9A1E7A4F7556}") = "BethanysPieShopHRM.ComponentsLibrary", "BethanysPieShopHRM.ComponentsLibrary\BethanysPieShopHRM.ComponentsLibrary.csproj", "{B32934A9-7410-4488-94D7-34BE0577D897}"
EndProject
Project("{9A19103F-16F7-4668-BE54-9A1E7A4F7556}") = "BethanysPieShopHRM.Client", "BethanysPieShopHRM.Client\BethanysPieShopHRM.Client.csproj", "{C658E41C-BBEF-4723-A210-564FB682B375}"
EndProject
Project("{9A19103F-16F7-4668-BE54-9A1E7A4F7556}") = "BethanysPieShopHRM.Server", "BethanysPieShopHRM.Server\BethanysPieShopHRM.Server.csproj", "{B3B28F8D-844F-4A06-A14B-AF5345A540C0}"
EndProject
Global
	GlobalSection(SolutionConfigurationPlatforms) = preSolution
		Debug|Any CPU = Debug|Any CPU
		Release|Any CPU = Release|Any CPU
	EndGlobalSection
	GlobalSection(ProjectConfigurationPlatforms) = postSolution
		{B022D43D-1E1F-4B37-837E-D6061A71A72D}.Debug|Any CPU.ActiveCfg = Debug|Any CPU
		{B022D43D-1E1F-4B37-837E-D6061A71A72D}.Debug|Any CPU.Build.0 = Debug|Any CPU
		{B022D43D-1E1F-4B37-837E-D6061A71A72D}.Release|Any CPU.ActiveCfg = Release|Any CPU
		{B022D43D-1E1F-4B37-837E-D6061A71A72D}.Release|Any CPU.Build.0 = Release|Any CPU
		{409989B1-2374-4660-895D-1BC99A2E4D69}.Debug|Any CPU.ActiveCfg = Debug|Any CPU
		{409989B1-2374-4660-895D-1BC99A2E4D69}.Debug|Any CPU.Build.0 = Debug|Any CPU
		{409989B1-2374-4660-895D-1BC99A2E4D69}.Release|Any CPU.ActiveCfg = Release|Any CPU
		{409989B1-2374-4660-895D-1BC99A2E4D69}.Release|Any CPU.Build.0 = Release|Any CPU
		{1A947AC3-DEF7-45BA-9A67-A16B8647E292}.Debug|Any CPU.ActiveCfg = Debug|Any CPU
		{1A947AC3-DEF7-45BA-9A67-A16B8647E292}.Debug|Any CPU.Build.0 = Debug|Any CPU
		{1A947AC3-DEF7-45BA-9A67-A16B8647E292}.Release|Any CPU.ActiveCfg = Release|Any CPU
		{1A947AC3-DEF7-45BA-9A67-A16B8647E292}.Release|Any CPU.Build.0 = Release|Any CPU
		{B32934A9-7410-4488-94D7-34BE0577D897}.Debug|Any CPU.ActiveCfg = Debug|Any CPU
		{B32934A9-7410-4488-94D7-34BE0577D897}.Debug|Any CPU.Build.0 = Debug|Any CPU
		{B32934A9-7410-4488-94D7-34BE0577D897}.Release|Any CPU.ActiveCfg = Release|Any CPU
		{B32934A9-7410-4488-94D7-34BE0577D897}.Release|Any CPU.Build.0 = Release|Any CPU
		{C658E41C-BBEF-4723-A210-564FB682B375}.Debug|Any CPU.ActiveCfg = Debug|Any CPU
		{C658E41C-BBEF-4723-A210-564FB682B375}.Debug|Any CPU.Build.0 = Debug|Any CPU
		{C658E41C-BBEF-4723-A210-564FB682B375}.Release|Any CPU.ActiveCfg = Release|Any CPU
		{C658E41C-BBEF-4723-A210-564FB682B375}.Release|Any CPU.Build.0 = Release|Any CPU
		{B3B28F8D-844F-4A06-A14B-AF5345A540C0}.Debug|Any CPU.ActiveCfg = Debug|Any CPU
		{B3B28F8D-844F-4A06-A14B-AF5345A540C0}.Debug|Any CPU.Build.0 = Debug|Any CPU
		{B3B28F8D-844F-4A06-A14B-AF5345A540C0}.Release|Any CPU.ActiveCfg = Release|Any CPU
		{B3B28F8D-844F-4A06-A14B-AF5345A540C0}.Release|Any CPU.Build.0 = Release|Any CPU
	EndGlobalSection
	GlobalSection(SolutionProperties) = preSolution
		HideSolutionNode = FALSE
	EndGlobalSection
	GlobalSection(ExtensibilityGlobals) = postSolution
		SolutionGuid = {72827CDE-421B-4EB0-A6A9-3D44BE25F628}
	EndGlobalSection
EndGlobal
